{
  "name": "lrz-cli",
  "version": "1.0.0",
  "lockfileVersion": 1,
  "requires": true,
  "dependencies": {
    "oracledb": {
      "version": "3.1.2",
      "resolved": "http://registry.npm.taobao.org/oracledb/download/oracledb-3.1.2.tgz",
      "integrity": "sha1-TX33uO2hYdTmRYN81DxTAjLROeg="
    }
  }
}
